<Solution>
  <Project Path="VehicleClassLibrary.Tests/VehicleClassLibrary.Tests.csproj" />
  <Project Path="VehicleClassLibrary/VehicleClassLibrary.csproj" />
  <Project Path="VehicleStoreConsoleApp/VehicleStoreConsoleApp.csproj" />
  <Project Path="VehicleStoreGUIApp/VehicleStoreGUIApp.csproj" />
</Solution>
